
Microsoft Visual Studio Solution File, Format Version 12.00
# Visual Studio Version 16
VisualStudioVersion = 16.0.29215.179
MinimumVisualStudioVersion = 10.0.40219.1
Project("{FAE04EC0-301F-11D3-BF4B-00C04F79EFBC}") = "Discord Bot 2", "Discord Bot 2.csproj", "{24F6F38A-14B7-4046-B5EA-DEC21AF16087}"
EndProject
Global
	GlobalSection(SolutionConfigurationPlatforms) = preSolution
		Debug|Any CPU = Debug|Any CPU
		Release|Any CPU = Release|Any CPU
	EndGlobalSection
	GlobalSection(ProjectConfigurationPlatforms) = postSolution
		{24F6F38A-14B7-4046-B5EA-DEC21AF16087}.Debug|Any CPU.ActiveCfg = Debug|Any CPU
		{24F6F38A-14B7-4046-B5EA-DEC21AF16087}.Debug|Any CPU.Build.0 = Debug|Any CPU
		{24F6F38A-14B7-4046-B5EA-DEC21AF16087}.Release|Any CPU.ActiveCfg = Release|Any CPU
		{24F6F38A-14B7-4046-B5EA-DEC21AF16087}.Release|Any CPU.Build.0 = Release|Any CPU
	EndGlobalSection
	GlobalSection(SolutionProperties) = preSolution
		HideSolutionNode = FALSE
	EndGlobalSection
	GlobalSection(ExtensibilityGlobals) = postSolution
		SolutionGuid = {9F2840F2-E5B8-4B79-A6D6-21D28014A0E8}
	EndGlobalSection
EndGlobal
